
Microsoft Visual Studio Solution File, Format Version 10.00
# Visual C++ Express 2008
Project("{8BC9CEB8-8B4A-11D0-8D11-00A0C91BC942}") = "libcerror", "libcerror\libcerror.vcproj", "{C42F5217-137D-4F10-9D6A-3C6D44E43453}"
EndProject
Project("{8BC9CEB8-8B4A-11D0-8D11-00A0C91BC942}") = "cerror_test_error", "cerror_test_error\cerror_test_error.vcproj", "{E2F616EC-1326-453F-8FC5-29701EC5A031}"
	ProjectSection(ProjectDependencies) = postProject
		{C42F5217-137D-4F10-9D6A-3C6D44E43453} = {C42F5217-137D-4F10-9D6A-3C6D44E43453}
	EndProjectSection
EndProject
Project("{8BC9CEB8-8B4A-11D0-8D11-00A0C91BC942}") = "cerror_test_support", "cerror_test_support\cerror_test_support.vcproj", "{588FDE97-36E5-4721-93E4-C5A4DB45401F}"
	ProjectSection(ProjectDependencies) = postProject
		{C42F5217-137D-4F10-9D6A-3C6D44E43453} = {C42F5217-137D-4F10-9D6A-3C6D44E43453}
	EndProjectSection
EndProject
Project("{8BC9CEB8-8B4A-11D0-8D11-00A0C91BC942}") = "cerror_test_system", "cerror_test_system\cerror_test_system.vcproj", "{F86B10E9-7973-4266-81F7-529289EEA94D}"
	ProjectSection(ProjectDependencies) = postProject
		{C42F5217-137D-4F10-9D6A-3C6D44E43453} = {C42F5217-137D-4F10-9D6A-3C6D44E43453}
	EndProjectSection
EndProject
Global
	GlobalSection(SolutionConfigurationPlatforms) = preSolution
		Release|Win32 = Release|Win32
		VSDebug|Win32 = VSDebug|Win32
	EndGlobalSection
	GlobalSection(ProjectConfigurationPlatforms) = postSolution
		{C42F5217-137D-4F10-9D6A-3C6D44E43453}.Release|Win32.ActiveCfg = Release|Win32
		{C42F5217-137D-4F10-9D6A-3C6D44E43453}.Release|Win32.Build.0 = Release|Win32
		{C42F5217-137D-4F10-9D6A-3C6D44E43453}.VSDebug|Win32.ActiveCfg = VSDebug|Win32
		{C42F5217-137D-4F10-9D6A-3C6D44E43453}.VSDebug|Win32.Build.0 = VSDebug|Win32
		{E2F616EC-1326-453F-8FC5-29701EC5A031}.Release|Win32.ActiveCfg = Release|Win32
		{E2F616EC-1326-453F-8FC5-29701EC5A031}.Release|Win32.Build.0 = Release|Win32
		{E2F616EC-1326-453F-8FC5-29701EC5A031}.VSDebug|Win32.ActiveCfg = VSDebug|Win32
		{E2F616EC-1326-453F-8FC5-29701EC5A031}.VSDebug|Win32.Build.0 = VSDebug|Win32
		{588FDE97-36E5-4721-93E4-C5A4DB45401F}.Release|Win32.ActiveCfg = Release|Win32
		{588FDE97-36E5-4721-93E4-C5A4DB45401F}.Release|Win32.Build.0 = Release|Win32
		{588FDE97-36E5-4721-93E4-C5A4DB45401F}.VSDebug|Win32.ActiveCfg = VSDebug|Win32
		{588FDE97-36E5-4721-93E4-C5A4DB45401F}.VSDebug|Win32.Build.0 = VSDebug|Win32
		{F86B10E9-7973-4266-81F7-529289EEA94D}.Release|Win32.ActiveCfg = Release|Win32
		{F86B10E9-7973-4266-81F7-529289EEA94D}.Release|Win32.Build.0 = Release|Win32
		{F86B10E9-7973-4266-81F7-529289EEA94D}.VSDebug|Win32.ActiveCfg = VSDebug|Win32
		{F86B10E9-7973-4266-81F7-529289EEA94D}.VSDebug|Win32.Build.0 = VSDebug|Win32
	EndGlobalSection
	GlobalSection(SolutionProperties) = preSolution
		HideSolutionNode = FALSE
	EndGlobalSection
EndGlobal
